
Microsoft Visual Studio Solution File, Format Version 12.00
# Visual Studio Version 16
VisualStudioVersion = 16.0.29102.190
MinimumVisualStudioVersion = 10.0.40219.1
Project("{FAE04EC0-301F-11D3-BF4B-00C04F79EFBC}") = "WebAppBook", "WebAppBook\WebAppBook.csproj", "{2AA50477-88A5-49CE-803E-923EE6CBB77A}"
EndProject
Global
	GlobalSection(SolutionConfigurationPlatforms) = preSolution
		Debug|Any CPU = Debug|Any CPU
		Release|Any CPU = Release|Any CPU
	EndGlobalSection
	GlobalSection(ProjectConfigurationPlatforms) = postSolution
		{2AA50477-88A5-49CE-803E-923EE6CBB77A}.Debug|Any CPU.ActiveCfg = Debug|Any CPU
		{2AA50477-88A5-49CE-803E-923EE6CBB77A}.Debug|Any CPU.Build.0 = Debug|Any CPU
		{2AA50477-88A5-49CE-803E-923EE6CBB77A}.Release|Any CPU.ActiveCfg = Release|Any CPU
		{2AA50477-88A5-49CE-803E-923EE6CBB77A}.Release|Any CPU.Build.0 = Release|Any CPU
	EndGlobalSection
	GlobalSection(SolutionProperties) = preSolution
		HideSolutionNode = FALSE
	EndGlobalSection
	GlobalSection(ExtensibilityGlobals) = postSolution
		SolutionGuid = {8D3C309C-B272-43B5-B807-3969C9215D1A}
	EndGlobalSection
EndGlobal
